
Microsoft Visual Studio Solution File, Format Version 12.00
# Visual Studio Version 17
VisualStudioVersion = 17.7.34031.279
MinimumVisualStudioVersion = 10.0.40219.1
Project("{FAE04EC0-301F-11D3-BF4B-00C04F79EFBC}") = "SUMAR NUMEROS CAPTURADOS", "SUMAR NUMEROS CAPTURADOS\SUMAR NUMEROS CAPTURADOS.csproj", "{AE9A4846-FC7E-4FD7-AB34-C5B1D469602E}"
EndProject
Global
	GlobalSection(SolutionConfigurationPlatforms) = preSolution
		Debug|Any CPU = Debug|Any CPU
		Release|Any CPU = Release|Any CPU
	EndGlobalSection
	GlobalSection(ProjectConfigurationPlatforms) = postSolution
		{AE9A4846-FC7E-4FD7-AB34-C5B1D469602E}.Debug|Any CPU.ActiveCfg = Debug|Any CPU
		{AE9A4846-FC7E-4FD7-AB34-C5B1D469602E}.Debug|Any CPU.Build.0 = Debug|Any CPU
		{AE9A4846-FC7E-4FD7-AB34-C5B1D469602E}.Release|Any CPU.ActiveCfg = Release|Any CPU
		{AE9A4846-FC7E-4FD7-AB34-C5B1D469602E}.Release|Any CPU.Build.0 = Release|Any CPU
	EndGlobalSection
	GlobalSection(SolutionProperties) = preSolution
		HideSolutionNode = FALSE
	EndGlobalSection
	GlobalSection(ExtensibilityGlobals) = postSolution
		SolutionGuid = {8E66AB98-F9DE-4886-9A39-F30FE7357244}
	EndGlobalSection
EndGlobal
